
Microsoft Visual Studio Solution File, Format Version 12.00
# Visual Studio Version 17
VisualStudioVersion = 17.7.34202.233
MinimumVisualStudioVersion = 10.0.40219.1
Project("{FAE04EC0-301F-11D3-BF4B-00C04F79EFBC}") = "Demo_PTTKHTTT", "Demo_PTTKHTTT.csproj", "{BA89FB47-BCAA-47F0-8DD5-BD4678EA3376}"
EndProject
Global
	GlobalSection(SolutionConfigurationPlatforms) = preSolution
		Debug|Any CPU = Debug|Any CPU
		Release|Any CPU = Release|Any CPU
	EndGlobalSection
	GlobalSection(ProjectConfigurationPlatforms) = postSolution
		{BA89FB47-BCAA-47F0-8DD5-BD4678EA3376}.Debug|Any CPU.ActiveCfg = Debug|Any CPU
		{BA89FB47-BCAA-47F0-8DD5-BD4678EA3376}.Debug|Any CPU.Build.0 = Debug|Any CPU
		{BA89FB47-BCAA-47F0-8DD5-BD4678EA3376}.Release|Any CPU.ActiveCfg = Release|Any CPU
		{BA89FB47-BCAA-47F0-8DD5-BD4678EA3376}.Release|Any CPU.Build.0 = Release|Any CPU
	EndGlobalSection
	GlobalSection(SolutionProperties) = preSolution
		HideSolutionNode = FALSE
	EndGlobalSection
	GlobalSection(ExtensibilityGlobals) = postSolution
		SolutionGuid = {B2C5CD4B-A1ED-4EDD-9E8D-3D18A51DBBBE}
	EndGlobalSection
EndGlobal
