
Microsoft Visual Studio Solution File, Format Version 12.00
# Visual Studio Version 16
VisualStudioVersion = 16.0.34114.132
MinimumVisualStudioVersion = 10.0.40219.1
Project("{FAE04EC0-301F-11D3-BF4B-00C04F79EFBC}") = "BTT5_Nhom9_63CNTT4", "BTT5_Nhom9_63CNTT4.csproj", "{DF9577FD-BA6F-4D73-AF33-1F378BB7771C}"
EndProject
Project("{FAE04EC0-301F-11D3-BF4B-00C04F79EFBC}") = "DatabaseFirst", "..\DatabaseFirst\DatabaseFirst.csproj", "{649FB8CB-BCFB-40D9-853C-3D8CF298531F}"
EndProject
Project("{FAE04EC0-301F-11D3-BF4B-00C04F79EFBC}") = "ModelFirst", "..\ModelFirst\ModelFirst.csproj", "{324E2667-93C4-4716-A20F-9C4C2D346E53}"
EndProject
Project("{FAE04EC0-301F-11D3-BF4B-00C04F79EFBC}") = "CodeFirst", "..\CodeFirst\CodeFirst.csproj", "{A5FEA718-AD42-4F9B-9336-F0ADD497F7CF}"
EndProject
Global
	GlobalSection(SolutionConfigurationPlatforms) = preSolution
		Debug|Any CPU = Debug|Any CPU
		Release|Any CPU = Release|Any CPU
	EndGlobalSection
	GlobalSection(ProjectConfigurationPlatforms) = postSolution
		{DF9577FD-BA6F-4D73-AF33-1F378BB7771C}.Debug|Any CPU.ActiveCfg = Debug|Any CPU
		{DF9577FD-BA6F-4D73-AF33-1F378BB7771C}.Debug|Any CPU.Build.0 = Debug|Any CPU
		{DF9577FD-BA6F-4D73-AF33-1F378BB7771C}.Release|Any CPU.ActiveCfg = Release|Any CPU
		{DF9577FD-BA6F-4D73-AF33-1F378BB7771C}.Release|Any CPU.Build.0 = Release|Any CPU
		{649FB8CB-BCFB-40D9-853C-3D8CF298531F}.Debug|Any CPU.ActiveCfg = Debug|Any CPU
		{649FB8CB-BCFB-40D9-853C-3D8CF298531F}.Debug|Any CPU.Build.0 = Debug|Any CPU
		{649FB8CB-BCFB-40D9-853C-3D8CF298531F}.Release|Any CPU.ActiveCfg = Release|Any CPU
		{649FB8CB-BCFB-40D9-853C-3D8CF298531F}.Release|Any CPU.Build.0 = Release|Any CPU
		{324E2667-93C4-4716-A20F-9C4C2D346E53}.Debug|Any CPU.ActiveCfg = Debug|Any CPU
		{324E2667-93C4-4716-A20F-9C4C2D346E53}.Debug|Any CPU.Build.0 = Debug|Any CPU
		{324E2667-93C4-4716-A20F-9C4C2D346E53}.Release|Any CPU.ActiveCfg = Release|Any CPU
		{324E2667-93C4-4716-A20F-9C4C2D346E53}.Release|Any CPU.Build.0 = Release|Any CPU
		{A5FEA718-AD42-4F9B-9336-F0ADD497F7CF}.Debug|Any CPU.ActiveCfg = Debug|Any CPU
		{A5FEA718-AD42-4F9B-9336-F0ADD497F7CF}.Debug|Any CPU.Build.0 = Debug|Any CPU
		{A5FEA718-AD42-4F9B-9336-F0ADD497F7CF}.Release|Any CPU.ActiveCfg = Release|Any CPU
		{A5FEA718-AD42-4F9B-9336-F0ADD497F7CF}.Release|Any CPU.Build.0 = Release|Any CPU
	EndGlobalSection
	GlobalSection(SolutionProperties) = preSolution
		HideSolutionNode = FALSE
	EndGlobalSection
	GlobalSection(ExtensibilityGlobals) = postSolution
		SolutionGuid = {FD8E4FDC-5966-4742-8C98-F16000D72D59}
	EndGlobalSection
EndGlobal
