
Microsoft Visual Studio Solution File, Format Version 12.00
# Visual Studio Version 17
VisualStudioVersion = 17.7.34031.279
MinimumVisualStudioVersion = 10.0.40219.1
Project("{FAE04EC0-301F-11D3-BF4B-00C04F79EFBC}") = "ReviewQuiz", "ReviewQuiz.csproj", "{B4E72C3C-1660-43BC-A76C-3CF7FDB5E52B}"
EndProject
Global
	GlobalSection(SolutionConfigurationPlatforms) = preSolution
		Debug|Any CPU = Debug|Any CPU
		Release|Any CPU = Release|Any CPU
	EndGlobalSection
	GlobalSection(ProjectConfigurationPlatforms) = postSolution
		{B4E72C3C-1660-43BC-A76C-3CF7FDB5E52B}.Debug|Any CPU.ActiveCfg = Debug|Any CPU
		{B4E72C3C-1660-43BC-A76C-3CF7FDB5E52B}.Debug|Any CPU.Build.0 = Debug|Any CPU
		{B4E72C3C-1660-43BC-A76C-3CF7FDB5E52B}.Release|Any CPU.ActiveCfg = Release|Any CPU
		{B4E72C3C-1660-43BC-A76C-3CF7FDB5E52B}.Release|Any CPU.Build.0 = Release|Any CPU
	EndGlobalSection
	GlobalSection(SolutionProperties) = preSolution
		HideSolutionNode = FALSE
	EndGlobalSection
	GlobalSection(ExtensibilityGlobals) = postSolution
		SolutionGuid = {0C7FBA64-900D-42FB-8D43-8294651B4216}
	EndGlobalSection
EndGlobal
